// !$*UTF8*$!
{
	archiveVersion = 1;
	classes = {
	};
	objectVersion = 46;
	objects = {

/* Begin PBXBuildFile section */
		C2C8F5111A0B67E30036FA0C /* MPMoviePlayerController+XCDOverlayView.m in Sources */ = {isa = PBXBuildFile; fileRef = C2C8F5101A0B67E30036FA0C /* MPMoviePlayerController+XCDOverlayView.m */; };
		C2C8F5551A0BA3900036FA0C /* MPMoviePlayerController+XCDOverlayView.h in CopyFiles */ = {isa = PBXBuildFile; fileRef = C2C8F50F1A0B67E30036FA0C /* MPMoviePlayerController+XCDOverlayView.h */; };
/* End PBXBuildFile section */

/* Begin PBXCopyFilesBuildPhase section */
		C2C8F4F01A0B65600036FA0C /* CopyFiles */ = {
			isa = PBXCopyFilesBuildPhase;
			buildActionMask = 2147483647;
			dstPath = "include/$(PRODUCT_NAME)";
			dstSubfolderSpec = 16;
			files = (
				C2C8F5551A0BA3900036FA0C /* MPMoviePlayerController+XCDOverlayView.h in CopyFiles */,
			);
			runOnlyForDeploymentPostprocessing = 0;
		};
/* End PBXCopyFilesBuildPhase section */

/* Begin PBXFileReference section */
		C2C8F4F21A0B65600036FA0C /* libMPMoviePlayerController+XCDOverlayView.a */ = {isa = PBXFileReference; explicitFileType = archive.ar; includeInIndex = 0; path = "libMPMoviePlayerController+XCDOverlayView.a"; sourceTree = BUILT_PRODUCTS_DIR; };
		C2C8F50F1A0B67E30036FA0C /* MPMoviePlayerController+XCDOverlayView.h */ = {isa = PBXFileReference; fileEncoding = 4; lastKnownFileType = sourcecode.c.h; path = "MPMoviePlayerController+XCDOverlayView.h"; sourceTree = "<group>"; };
		C2C8F5101A0B67E30036FA0C /* MPMoviePlayerController+XCDOverlayView.m */ = {isa = PBXFileReference; fileEncoding = 4; lastKnownFileType = sourcecode.c.objc; path = "MPMoviePlayerController+XCDOverlayView.m"; sourceTree = "<group>"; };
/* End PBXFileReference section */

/* Begin PBXFrameworksBuildPhase section */
		C2C8F4EF1A0B65600036FA0C /* Frameworks */ = {
			isa = PBXFrameworksBuildPhase;
			buildActionMask = 2147483647;
			files = (
			);
			runOnlyForDeploymentPostprocessing = 0;
		};
/* End PBXFrameworksBuildPhase section */

/* Begin PBXGroup section */
		C2C8F4E91A0B65600036FA0C = {
			isa = PBXGroup;
			children = (
				C2C8F4F41A0B65600036FA0C /* MPMoviePlayerController+XCDOverlayView */,
				C2C8F4F31A0B65600036FA0C /* Products */,
			);
			sourceTree = "<group>";
		};
		C2C8F4F31A0B65600036FA0C /* Products */ = {
			isa = PBXGroup;
			children = (
				C2C8F4F21A0B65600036FA0C /* libMPMoviePlayerController+XCDOverlayView.a */,
			);
			name = Products;
			sourceTree = "<group>";
		};
		C2C8F4F41A0B65600036FA0C /* MPMoviePlayerController+XCDOverlayView */ = {
			isa = PBXGroup;
			children = (
				C2C8F50F1A0B67E30036FA0C /* MPMoviePlayerController+XCDOverlayView.h */,
				C2C8F5101A0B67E30036FA0C /* MPMoviePlayerController+XCDOverlayView.m */,
			);
			path = "MPMoviePlayerController+XCDOverlayView";
			sourceTree = "<group>";
		};
/* End PBXGroup section */

/* Begin PBXNativeTarget section */
		C2C8F4F11A0B65600036FA0C /* MPMoviePlayerController+XCDOverlayView */ = {
			isa = PBXNativeTarget;
			buildConfigurationList = C2C8F5061A0B65600036FA0C /* Build configuration list for PBXNativeTarget "MPMoviePlayerController+XCDOverlayView" */;
			buildPhases = (
				C2C8F4EE1A0B65600036FA0C /* Sources */,
				C2C8F4EF1A0B65600036FA0C /* Frameworks */,
				C2C8F4F01A0B65600036FA0C /* CopyFiles */,
			);
			buildRules = (
			);
			dependencies = (
			);
			name = "MPMoviePlayerController+XCDOverlayView";
			productName = "MPMoviePlayerController+XCDOverlayView";
			productReference = C2C8F4F21A0B65600036FA0C /* libMPMoviePlayerController+XCDOverlayView.a */;
			productType = "com.apple.product-type.library.static";
		};
/* End PBXNativeTarget section */

/* Begin PBXProject section */
		C2C8F4EA1A0B65600036FA0C /* Project object */ = {
			isa = PBXProject;
			attributes = {
				LastUpgradeCheck = 0610;
				ORGANIZATIONNAME = "Cédric Luthi";
				TargetAttributes = {
					C2C8F4F11A0B65600036FA0C = {
						CreatedOnToolsVersion = 6.1;
					};
				};
			};
			buildConfigurationList = C2C8F4ED1A0B65600036FA0C /* Build configuration list for PBXProject "MPMoviePlayerController+XCDOverlayView" */;
			compatibilityVersion = "Xcode 3.2";
			developmentRegion = English;
			hasScannedForEncodings = 0;
			knownRegions = (
				en,
			);
			mainGroup = C2C8F4E91A0B65600036FA0C;
			productRefGroup = C2C8F4F31A0B65600036FA0C /* Products */;
			projectDirPath = "";
			projectRoot = "";
			targets = (
				C2C8F4F11A0B65600036FA0C /* MPMoviePlayerController+XCDOverlayView */,
			);
		};
/* End PBXProject section */

/* Begin PBXSourcesBuildPhase section */
		C2C8F4EE1A0B65600036FA0C /* Sources */ = {
			isa = PBXSourcesBuildPhase;
			buildActionMask = 2147483647;
			files = (
				C2C8F5111A0B67E30036FA0C /* MPMoviePlayerController+XCDOverlayView.m in Sources */,
			);
			runOnlyForDeploymentPostprocessing = 0;
		};
/* End PBXSourcesBuildPhase section */

/* Begin XCBuildConfiguration section */
		C2C8F5041A0B65600036FA0C /* Debug */ = {
			isa = XCBuildConfiguration;
			buildSettings = {
				ALWAYS_SEARCH_USER_PATHS = NO;
				CLANG_ENABLE_MODULES = YES;
				CLANG_ENABLE_OBJC_ARC = YES;
				CLANG_WARN_ASSIGN_ENUM = YES;
				CLANG_WARN_BOOL_CONVERSION = YES;
				CLANG_WARN_CONSTANT_CONVERSION = YES;
				CLANG_WARN_DEPRECATED_OBJC_IMPLEMENTATIONS = YES;
				CLANG_WARN_DIRECT_OBJC_ISA_USAGE = YES_ERROR;
				CLANG_WARN_DOCUMENTATION_COMMENTS = YES;
				CLANG_WARN_EMPTY_BODY = YES;
				CLANG_WARN_ENUM_CONVERSION = YES;
				CLANG_WARN_IMPLICIT_SIGN_CONVERSION = YES;
				CLANG_WARN_INT_CONVERSION = YES;
				CLANG_WARN_OBJC_EXPLICIT_OWNERSHIP_TYPE = YES;
				CLANG_WARN_OBJC_IMPLICIT_ATOMIC_PROPERTIES = YES;
				CLANG_WARN_OBJC_IMPLICIT_RETAIN_SELF = YES;
				CLANG_WARN_OBJC_RECEIVER_WEAK = YES;
				CLANG_WARN_OBJC_REPEATED_USE_OF_WEAK = YES;
				CLANG_WARN_OBJC_ROOT_CLASS = YES_ERROR;
				CLANG_WARN_SUSPICIOUS_IMPLICIT_CONVERSION = YES;
				CLANG_WARN_UNREACHABLE_CODE = YES;
				CLANG_WARN__DUPLICATE_METHOD_MATCH = YES;
				COPY_PHASE_STRIP = NO;
				CURRENT_PROJECT_VERSION = 1.0.0;
				ENABLE_STRICT_OBJC_MSGSEND = YES;
				GCC_C_LANGUAGE_STANDARD = gnu99;
				GCC_OPTIMIZATION_LEVEL = 0;
				GCC_TREAT_IMPLICIT_FUNCTION_DECLARATIONS_AS_ERRORS = YES;
				GCC_TREAT_INCOMPATIBLE_POINTER_TYPE_WARNINGS_AS_ERRORS = YES;
				GCC_TREAT_WARNINGS_AS_ERRORS = YES;
				GCC_WARN_64_TO_32_BIT_CONVERSION = YES;
				GCC_WARN_ABOUT_MISSING_FIELD_INITIALIZERS = YES;
				GCC_WARN_ABOUT_MISSING_NEWLINE = YES;
				GCC_WARN_ABOUT_MISSING_PROTOTYPES = YES;
				GCC_WARN_ABOUT_RETURN_TYPE = YES_ERROR;
				GCC_WARN_INITIALIZER_NOT_FULLY_BRACKETED = YES;
				GCC_WARN_SHADOW = YES;
				GCC_WARN_SIGN_COMPARE = YES;
				GCC_WARN_STRICT_SELECTOR_MATCH = YES;
				GCC_WARN_UNDECLARED_SELECTOR = YES;
				GCC_WARN_UNINITIALIZED_AUTOS = YES_AGGRESSIVE;
				GCC_WARN_UNKNOWN_PRAGMAS = YES;
				GCC_WARN_UNUSED_FUNCTION = YES;
				GCC_WARN_UNUSED_LABEL = YES;
				GCC_WARN_UNUSED_VARIABLE = YES;
				IPHONEOS_DEPLOYMENT_TARGET = 7.0;
				ONLY_ACTIVE_ARCH = YES;
				SDKROOT = iphoneos;
				VERSIONING_SYSTEM = "Semantic Versioning";
			};
			name = Debug;
		};
		C2C8F5051A0B65600036FA0C /* Release */ = {
			isa = XCBuildConfiguration;
			buildSettings = {
				ALWAYS_SEARCH_USER_PATHS = NO;
				CLANG_ENABLE_MODULES = YES;
				CLANG_ENABLE_OBJC_ARC = YES;
				CLANG_WARN_ASSIGN_ENUM = YES;
				CLANG_WARN_BOOL_CONVERSION = YES;
				CLANG_WARN_CONSTANT_CONVERSION = YES;
				CLANG_WARN_DEPRECATED_OBJC_IMPLEMENTATIONS = YES;
				CLANG_WARN_DIRECT_OBJC_ISA_USAGE = YES_ERROR;
				CLANG_WARN_DOCUMENTATION_COMMENTS = YES;
				CLANG_WARN_EMPTY_BODY = YES;
				CLANG_WARN_ENUM_CONVERSION = YES;
				CLANG_WARN_IMPLICIT_SIGN_CONVERSION = YES;
				CLANG_WARN_INT_CONVERSION = YES;
				CLANG_WARN_OBJC_EXPLICIT_OWNERSHIP_TYPE = YES;
				CLANG_WARN_OBJC_IMPLICIT_ATOMIC_PROPERTIES = YES;
				CLANG_WARN_OBJC_IMPLICIT_RETAIN_SELF = YES;
				CLANG_WARN_OBJC_RECEIVER_WEAK = YES;
				CLANG_WARN_OBJC_REPEATED_USE_OF_WEAK = YES;
				CLANG_WARN_OBJC_ROOT_CLASS = YES_ERROR;
				CLANG_WARN_SUSPICIOUS_IMPLICIT_CONVERSION = YES;
				CLANG_WARN_UNREACHABLE_CODE = YES;
				CLANG_WARN__DUPLICATE_METHOD_MATCH = YES;
				COPY_PHASE_STRIP = YES;
				CURRENT_PROJECT_VERSION = 1.0.0;
				ENABLE_NS_ASSERTIONS = NO;
				ENABLE_STRICT_OBJC_MSGSEND = YES;
				GCC_C_LANGUAGE_STANDARD = gnu99;
				GCC_TREAT_IMPLICIT_FUNCTION_DECLARATIONS_AS_ERRORS = YES;
				GCC_TREAT_INCOMPATIBLE_POINTER_TYPE_WARNINGS_AS_ERRORS = YES;
				GCC_TREAT_WARNINGS_AS_ERRORS = YES;
				GCC_WARN_64_TO_32_BIT_CONVERSION = YES;
				GCC_WARN_ABOUT_MISSING_FIELD_INITIALIZERS = YES;
				GCC_WARN_ABOUT_MISSING_NEWLINE = YES;
				GCC_WARN_ABOUT_MISSING_PROTOTYPES = YES;
				GCC_WARN_ABOUT_RETURN_TYPE = YES_ERROR;
				GCC_WARN_INITIALIZER_NOT_FULLY_BRACKETED = YES;
				GCC_WARN_SHADOW = YES;
				GCC_WARN_SIGN_COMPARE = YES;
				GCC_WARN_STRICT_SELECTOR_MATCH = YES;
				GCC_WARN_UNDECLARED_SELECTOR = YES;
				GCC_WARN_UNINITIALIZED_AUTOS = YES_AGGRESSIVE;
				GCC_WARN_UNKNOWN_PRAGMAS = YES;
				GCC_WARN_UNUSED_FUNCTION = YES;
				GCC_WARN_UNUSED_LABEL = YES;
				GCC_WARN_UNUSED_VARIABLE = YES;
				IPHONEOS_DEPLOYMENT_TARGET = 7.0;
				SDKROOT = iphoneos;
				VALIDATE_PRODUCT = YES;
				VERSIONING_SYSTEM = "Semantic Versioning";
			};
			name = Release;
		};
		C2C8F5071A0B65600036FA0C /* Debug */ = {
			isa = XCBuildConfiguration;
			buildSettings = {
				PRODUCT_NAME = "$(TARGET_NAME)";
			};
			name = Debug;
		};
		C2C8F5081A0B65600036FA0C /* Release */ = {
			isa = XCBuildConfiguration;
			buildSettings = {
				PRODUCT_NAME = "$(TARGET_NAME)";
			};
			name = Release;
		};
/* End XCBuildConfiguration section */

/* Begin XCConfigurationList section */
		C2C8F4ED1A0B65600036FA0C /* Build configuration list for PBXProject "MPMoviePlayerController+XCDOverlayView" */ = {
			isa = XCConfigurationList;
			buildConfigurations = (
				C2C8F5041A0B65600036FA0C /* Debug */,
				C2C8F5051A0B65600036FA0C /* Release */,
			);
			defaultConfigurationIsVisible = 0;
			defaultConfigurationName = Release;
		};
		C2C8F5061A0B65600036FA0C /* Build configuration list for PBXNativeTarget "MPMoviePlayerController+XCDOverlayView" */ = {
			isa = XCConfigurationList;
			buildConfigurations = (
				C2C8F5071A0B65600036FA0C /* Debug */,
				C2C8F5081A0B65600036FA0C /* Release */,
			);
			defaultConfigurationIsVisible = 0;
			defaultConfigurationName = Release;
		};
/* End XCConfigurationList section */
	};
	rootObject = C2C8F4EA1A0B65600036FA0C /* Project object */;
}
